{
  "name": "HSI-Carrers-Chatbot-Webapp",
  "lockfileVersion": 3,
  "requires": true,
  "packages": {
    "": {
      "dependencies": {
        "@azure/msal-browser": "^4.14.0",
        "@azure/msal-react": "^3.0.14"
      }
    },
    "node_modules/@azure/msal-browser": {
      "version": "4.14.0",
      "resolved": "https://registry.npmjs.org/@azure/msal-browser/-/msal-browser-4.14.0.tgz",
      "integrity": "sha512-6VB06LypBS0Cf/dSUwRZse/eGnfAHwDof7GpCfoo3JjnruSN40jFBw+QXZd1ox5OLC6633EdWRRz+TGeHMEspg==",
      "license": "MIT",
      "dependencies": {
        "@azure/msal-common": "15.8.0"
      },
      "engines": {
        "node": ">=0.8.0"
      }
    },
    "node_modules/@azure/msal-common": {
      "version": "15.8.0",
      "resolved": "https://registry.npmjs.org/@azure/msal-common/-/msal-common-15.8.0.tgz",
      "integrity": "sha512-gYqq9MsWT/KZh8iTG37DkGv+wgfllgImTMB++Z83qn75M5eZ0cMX5kSSXdJqHbFm1qxaYydv+2kiVyA9ksN9pA==",
      "license": "MIT",
      "engines": {
        "node": ">=0.8.0"
      }
    },
    "node_modules/@azure/msal-react": {
      "version": "3.0.14",
      "resolved": "https://registry.npmjs.org/@azure/msal-react/-/msal-react-3.0.14.tgz",
      "integrity": "sha512-loLsVnTt/qtjYY9jtZPHbKcs4lirqiFlU4wq+JIhvVAmQ+EfTV9sMPi8pZ8a3mrwvNuKlpuPF6v+oAXNLypgew==",
      "license": "MIT",
      "engines": {
        "node": ">=10"
      },
      "peerDependencies": {
        "@azure/msal-browser": "^4.14.0",
        "react": "^16.8.0 || ^17 || ^18 || ^19"
      }
    },
    "node_modules/react": {
      "version": "19.1.0",
      "resolved": "https://registry.npmjs.org/react/-/react-19.1.0.tgz",
      "integrity": "sha512-FS+XFBNvn3GTAWq26joslQgWNoFu08F4kl0J4CgdNKADkdSGXQyTCnKteIAJy96Br6YbpEU1LSzV5dYtjMkMDg==",
      "license": "MIT",
      "peer": true,
      "engines": {
        "node": ">=0.10.0"
      }
    }
  }
}
